// !$*UTF8*$!
{
	archiveVersion = 1;
	classes = {
	};
	objectVersion = 50;
	objects = {

/* Begin PBXBuildFile section */
		8A5103A022B8647500F453EB /* AppDelegate.swift in Sources */ = {isa = PBXBuildFile; fileRef = 8A51039F22B8647500F453EB /* AppDelegate.swift */; };
		8A5103A222B8647500F453EB /* ViewController.swift in Sources */ = {isa = PBXBuildFile; fileRef = 8A5103A122B8647500F453EB /* ViewController.swift */; };
		8A5103A522B8647500F453EB /* Main.storyboard in Resources */ = {isa = PBXBuildFile; fileRef = 8A5103A322B8647500F453EB /* Main.storyboard */; };
		8A5103A722B8647600F453EB /* Assets.xcassets in Resources */ = {isa = PBXBuildFile; fileRef = 8A5103A622B8647600F453EB /* Assets.xcassets */; };
		8A5103AA22B8647600F453EB /* LaunchScreen.storyboard in Resources */ = {isa = PBXBuildFile; fileRef = 8A5103A822B8647600F453EB /* LaunchScreen.storyboard */; };
		8A5103B222B86B7600F453EB /* MenuTableViewCell.swift in Sources */ = {isa = PBXBuildFile; fileRef = 8A5103B122B86B7600F453EB /* MenuTableViewCell.swift */; };
		8A5103B422B86BD900F453EB /* Menu.swift in Sources */ = {isa = PBXBuildFile; fileRef = 8A5103B322B86BD900F453EB /* Menu.swift */; };
		8A5103B922B86DE800F453EB /* Constants.swift in Sources */ = {isa = PBXBuildFile; fileRef = 8A5103B822B86DE800F453EB /* Constants.swift */; };
		8A5103BB22B8743300F453EB /* DetailViewController.swift in Sources */ = {isa = PBXBuildFile; fileRef = 8A5103BA22B8743300F453EB /* DetailViewController.swift */; };
		8A5103BD22B8784100F453EB /* menu.json in Sources */ = {isa = PBXBuildFile; fileRef = 8A5103BC22B8784100F453EB /* menu.json */; };
		8CA5124B402D3DB29D7D3030 /* Pods_CanviaApp.framework in Frameworks */ = {isa = PBXBuildFile; fileRef = A90C001D1F4CEC2E92D84042 /* Pods_CanviaApp.framework */; };
/* End PBXBuildFile section */

/* Begin PBXFileReference section */
		8A51039C22B8647500F453EB /* CanviaApp.app */ = {isa = PBXFileReference; explicitFileType = wrapper.application; includeInIndex = 0; path = CanviaApp.app; sourceTree = BUILT_PRODUCTS_DIR; };
		8A51039F22B8647500F453EB /* AppDelegate.swift */ = {isa = PBXFileReference; lastKnownFileType = sourcecode.swift; path = AppDelegate.swift; sourceTree = "<group>"; };
		8A5103A122B8647500F453EB /* ViewController.swift */ = {isa = PBXFileReference; lastKnownFileType = sourcecode.swift; path = ViewController.swift; sourceTree = "<group>"; };
		8A5103A422B8647500F453EB /* Base */ = {isa = PBXFileReference; lastKnownFileType = file.storyboard; name = Base; path = Base.lproj/Main.storyboard; sourceTree = "<group>"; };
		8A5103A622B8647600F453EB /* Assets.xcassets */ = {isa = PBXFileReference; lastKnownFileType = folder.assetcatalog; path = Assets.xcassets; sourceTree = "<group>"; };
		8A5103A922B8647600F453EB /* Base */ = {isa = PBXFileReference; lastKnownFileType = file.storyboard; name = Base; path = Base.lproj/LaunchScreen.storyboard; sourceTree = "<group>"; };
		8A5103AB22B8647600F453EB /* Info.plist */ = {isa = PBXFileReference; lastKnownFileType = text.plist.xml; path = Info.plist; sourceTree = "<group>"; };
		8A5103B122B86B7600F453EB /* MenuTableViewCell.swift */ = {isa = PBXFileReference; lastKnownFileType = sourcecode.swift; path = MenuTableViewCell.swift; sourceTree = "<group>"; };
		8A5103B322B86BD900F453EB /* Menu.swift */ = {isa = PBXFileReference; lastKnownFileType = sourcecode.swift; path = Menu.swift; sourceTree = "<group>"; };
		8A5103B822B86DE800F453EB /* Constants.swift */ = {isa = PBXFileReference; lastKnownFileType = sourcecode.swift; path = Constants.swift; sourceTree = "<group>"; };
		8A5103BA22B8743300F453EB /* DetailViewController.swift */ = {isa = PBXFileReference; lastKnownFileType = sourcecode.swift; path = DetailViewController.swift; sourceTree = "<group>"; };
		8A5103BC22B8784100F453EB /* menu.json */ = {isa = PBXFileReference; lastKnownFileType = text.json; path = menu.json; sourceTree = "<group>"; };
		A90C001D1F4CEC2E92D84042 /* Pods_CanviaApp.framework */ = {isa = PBXFileReference; explicitFileType = wrapper.framework; includeInIndex = 0; path = Pods_CanviaApp.framework; sourceTree = BUILT_PRODUCTS_DIR; };
		D9C29215E69D6E342F759D6B /* Pods-CanviaApp.release.xcconfig */ = {isa = PBXFileReference; includeInIndex = 1; lastKnownFileType = text.xcconfig; name = "Pods-CanviaApp.release.xcconfig"; path = "Pods/Target Support Files/Pods-CanviaApp/Pods-CanviaApp.release.xcconfig"; sourceTree = "<group>"; };
		E3A5FE9A7618B8AD0EAA8160 /* Pods-CanviaApp.debug.xcconfig */ = {isa = PBXFileReference; includeInIndex = 1; lastKnownFileType = text.xcconfig; name = "Pods-CanviaApp.debug.xcconfig"; path = "Pods/Target Support Files/Pods-CanviaApp/Pods-CanviaApp.debug.xcconfig"; sourceTree = "<group>"; };
/* End PBXFileReference section */

/* Begin PBXFrameworksBuildPhase section */
		8A51039922B8647500F453EB /* Frameworks */ = {
			isa = PBXFrameworksBuildPhase;
			buildActionMask = 2147483647;
			files = (
				8CA5124B402D3DB29D7D3030 /* Pods_CanviaApp.framework in Frameworks */,
			);
			runOnlyForDeploymentPostprocessing = 0;
		};
/* End PBXFrameworksBuildPhase section */

/* Begin PBXGroup section */
		8A51039322B8647500F453EB = {
			isa = PBXGroup;
			children = (
				8A51039E22B8647500F453EB /* CanviaApp */,
				8A51039D22B8647500F453EB /* Products */,
				DECFA828EEB647508C5EFAA8 /* Pods */,
				E3DBB7C29C9FD48EAF5D5D9A /* Frameworks */,
			);
			sourceTree = "<group>";
		};
		8A51039D22B8647500F453EB /* Products */ = {
			isa = PBXGroup;
			children = (
				8A51039C22B8647500F453EB /* CanviaApp.app */,
			);
			name = Products;
			sourceTree = "<group>";
		};
		8A51039E22B8647500F453EB /* CanviaApp */ = {
			isa = PBXGroup;
			children = (
				8A5103B722B86DD200F453EB /* Models */,
				8A5103B622B86DCB00F453EB /* Controllers */,
				8A5103B522B86DC300F453EB /* Utils */,
				8A51039F22B8647500F453EB /* AppDelegate.swift */,
				8A5103A322B8647500F453EB /* Main.storyboard */,
				8A5103A622B8647600F453EB /* Assets.xcassets */,
				8A5103A822B8647600F453EB /* LaunchScreen.storyboard */,
				8A5103AB22B8647600F453EB /* Info.plist */,
				8A5103BC22B8784100F453EB /* menu.json */,
			);
			path = CanviaApp;
			sourceTree = "<group>";
		};
		8A5103B522B86DC300F453EB /* Utils */ = {
			isa = PBXGroup;
			children = (
				8A5103B822B86DE800F453EB /* Constants.swift */,
			);
			path = Utils;
			sourceTree = "<group>";
		};
		8A5103B622B86DCB00F453EB /* Controllers */ = {
			isa = PBXGroup;
			children = (
				8A5103B122B86B7600F453EB /* MenuTableViewCell.swift */,
				8A5103A122B8647500F453EB /* ViewController.swift */,
				8A5103BA22B8743300F453EB /* DetailViewController.swift */,
			);
			path = Controllers;
			sourceTree = "<group>";
		};
		8A5103B722B86DD200F453EB /* Models */ = {
			isa = PBXGroup;
			children = (
				8A5103B322B86BD900F453EB /* Menu.swift */,
			);
			path = Models;
			sourceTree = "<group>";
		};
		DECFA828EEB647508C5EFAA8 /* Pods */ = {
			isa = PBXGroup;
			children = (
				E3A5FE9A7618B8AD0EAA8160 /* Pods-CanviaApp.debug.xcconfig */,
				D9C29215E69D6E342F759D6B /* Pods-CanviaApp.release.xcconfig */,
			);
			name = Pods;
			sourceTree = "<group>";
		};
		E3DBB7C29C9FD48EAF5D5D9A /* Frameworks */ = {
			isa = PBXGroup;
			children = (
				A90C001D1F4CEC2E92D84042 /* Pods_CanviaApp.framework */,
			);
			name = Frameworks;
			sourceTree = "<group>";
		};
/* End PBXGroup section */

/* Begin PBXNativeTarget section */
		8A51039B22B8647500F453EB /* CanviaApp */ = {
			isa = PBXNativeTarget;
			buildConfigurationList = 8A5103AE22B8647600F453EB /* Build configuration list for PBXNativeTarget "CanviaApp" */;
			buildPhases = (
				A98A6465552F40CFE523EFD0 /* [CP] Check Pods Manifest.lock */,
				8A51039822B8647500F453EB /* Sources */,
				8A51039922B8647500F453EB /* Frameworks */,
				8A51039A22B8647500F453EB /* Resources */,
				FB7010DDFDC26DC89D40D874 /* [CP] Embed Pods Frameworks */,
			);
			buildRules = (
			);
			dependencies = (
			);
			name = CanviaApp;
			productName = CanviaApp;
			productReference = 8A51039C22B8647500F453EB /* CanviaApp.app */;
			productType = "com.apple.product-type.application";
		};
/* End PBXNativeTarget section */

/* Begin PBXProject section */
		8A51039422B8647500F453EB /* Project object */ = {
			isa = PBXProject;
			attributes = {
				LastSwiftUpdateCheck = 1020;
				LastUpgradeCheck = 1020;
				ORGANIZATIONNAME = "Eduardo Hoyos Loli";
				TargetAttributes = {
					8A51039B22B8647500F453EB = {
						CreatedOnToolsVersion = 10.2.1;
					};
				};
			};
			buildConfigurationList = 8A51039722B8647500F453EB /* Build configuration list for PBXProject "CanviaApp" */;
			compatibilityVersion = "Xcode 9.3";
			developmentRegion = en;
			hasScannedForEncodings = 0;
			knownRegions = (
				en,
				Base,
			);
			mainGroup = 8A51039322B8647500F453EB;
			productRefGroup = 8A51039D22B8647500F453EB /* Products */;
			projectDirPath = "";
			projectRoot = "";
			targets = (
				8A51039B22B8647500F453EB /* CanviaApp */,
			);
		};
/* End PBXProject section */

/* Begin PBXResourcesBuildPhase section */
		8A51039A22B8647500F453EB /* Resources */ = {
			isa = PBXResourcesBuildPhase;
			buildActionMask = 2147483647;
			files = (
				8A5103AA22B8647600F453EB /* LaunchScreen.storyboard in Resources */,
				8A5103A722B8647600F453EB /* Assets.xcassets in Resources */,
				8A5103A522B8647500F453EB /* Main.storyboard in Resources */,
			);
			runOnlyForDeploymentPostprocessing = 0;
		};
/* End PBXResourcesBuildPhase section */

/* Begin PBXShellScriptBuildPhase section */
		A98A6465552F40CFE523EFD0 /* [CP] Check Pods Manifest.lock */ = {
			isa = PBXShellScriptBuildPhase;
			buildActionMask = 2147483647;
			files = (
			);
			inputPaths = (
				"${PODS_PODFILE_DIR_PATH}/Podfile.lock",
				"${PODS_ROOT}/Manifest.lock",
			);
			name = "[CP] Check Pods Manifest.lock";
			outputPaths = (
				"$(DERIVED_FILE_DIR)/Pods-CanviaApp-checkManifestLockResult.txt",
			);
			runOnlyForDeploymentPostprocessing = 0;
			shellPath = /bin/sh;
			shellScript = "diff \"${PODS_PODFILE_DIR_PATH}/Podfile.lock\" \"${PODS_ROOT}/Manifest.lock\" > /dev/null\nif [ $? != 0 ] ; then\n    # print error to STDERR\n    echo \"error: The sandbox is not in sync with the Podfile.lock. Run 'pod install' or update your CocoaPods installation.\" >&2\n    exit 1\nfi\n# This output is used by Xcode 'outputs' to avoid re-running this script phase.\necho \"SUCCESS\" > \"${SCRIPT_OUTPUT_FILE_0}\"\n";
			showEnvVarsInLog = 0;
		};
		FB7010DDFDC26DC89D40D874 /* [CP] Embed Pods Frameworks */ = {
			isa = PBXShellScriptBuildPhase;
			buildActionMask = 2147483647;
			files = (
			);
			inputPaths = (
				"${SRCROOT}/Pods/Target Support Files/Pods-CanviaApp/Pods-CanviaApp-frameworks.sh",
				"${BUILT_PRODUCTS_DIR}/Alamofire/Alamofire.framework",
				"${BUILT_PRODUCTS_DIR}/Kingfisher/Kingfisher.framework",
				"${BUILT_PRODUCTS_DIR}/SwiftyJSON/SwiftyJSON.framework",
			);
			name = "[CP] Embed Pods Frameworks";
			outputPaths = (
				"${TARGET_BUILD_DIR}/${FRAMEWORKS_FOLDER_PATH}/Alamofire.framework",
				"${TARGET_BUILD_DIR}/${FRAMEWORKS_FOLDER_PATH}/Kingfisher.framework",
				"${TARGET_BUILD_DIR}/${FRAMEWORKS_FOLDER_PATH}/SwiftyJSON.framework",
			);
			runOnlyForDeploymentPostprocessing = 0;
			shellPath = /bin/sh;
			shellScript = "\"${SRCROOT}/Pods/Target Support Files/Pods-CanviaApp/Pods-CanviaApp-frameworks.sh\"\n";
			showEnvVarsInLog = 0;
		};
/* End PBXShellScriptBuildPhase section */

/* Begin PBXSourcesBuildPhase section */
		8A51039822B8647500F453EB /* Sources */ = {
			isa = PBXSourcesBuildPhase;
			buildActionMask = 2147483647;
			files = (
				8A5103B922B86DE800F453EB /* Constants.swift in Sources */,
				8A5103A222B8647500F453EB /* ViewController.swift in Sources */,
				8A5103A022B8647500F453EB /* AppDelegate.swift in Sources */,
				8A5103BB22B8743300F453EB /* DetailViewController.swift in Sources */,
				8A5103B422B86BD900F453EB /* Menu.swift in Sources */,
				8A5103BD22B8784100F453EB /* menu.json in Sources */,
				8A5103B222B86B7600F453EB /* MenuTableViewCell.swift in Sources */,
			);
			runOnlyForDeploymentPostprocessing = 0;
		};
/* End PBXSourcesBuildPhase section */

/* Begin PBXVariantGroup section */
		8A5103A322B8647500F453EB /* Main.storyboard */ = {
			isa = PBXVariantGroup;
			children = (
				8A5103A422B8647500F453EB /* Base */,
			);
			name = Main.storyboard;
			sourceTree = "<group>";
		};
		8A5103A822B8647600F453EB /* LaunchScreen.storyboard */ = {
			isa = PBXVariantGroup;
			children = (
				8A5103A922B8647600F453EB /* Base */,
			);
			name = LaunchScreen.storyboard;
			sourceTree = "<group>";
		};
/* End PBXVariantGroup section */

/* Begin XCBuildConfiguration section */
		8A5103AC22B8647600F453EB /* Debug */ = {
			isa = XCBuildConfiguration;
			buildSettings = {
				ALWAYS_SEARCH_USER_PATHS = NO;
				CLANG_ANALYZER_NONNULL = YES;
				CLANG_ANALYZER_NUMBER_OBJECT_CONVERSION = YES_AGGRESSIVE;
				CLANG_CXX_LANGUAGE_STANDARD = "gnu++14";
				CLANG_CXX_LIBRARY = "libc++";
				CLANG_ENABLE_MODULES = YES;
				CLANG_ENABLE_OBJC_ARC = YES;
				CLANG_ENABLE_OBJC_WEAK = YES;
				CLANG_WARN_BLOCK_CAPTURE_AUTORELEASING = YES;
				CLANG_WARN_BOOL_CONVERSION = YES;
				CLANG_WARN_COMMA = YES;
				CLANG_WARN_CONSTANT_CONVERSION = YES;
				CLANG_WARN_DEPRECATED_OBJC_IMPLEMENTATIONS = YES;
				CLANG_WARN_DIRECT_OBJC_ISA_USAGE = YES_ERROR;
				CLANG_WARN_DOCUMENTATION_COMMENTS = YES;
				CLANG_WARN_EMPTY_BODY = YES;
				CLANG_WARN_ENUM_CONVERSION = YES;
				CLANG_WARN_INFINITE_RECURSION = YES;
				CLANG_WARN_INT_CONVERSION = YES;
				CLANG_WARN_NON_LITERAL_NULL_CONVERSION = YES;
				CLANG_WARN_OBJC_IMPLICIT_RETAIN_SELF = YES;
				CLANG_WARN_OBJC_LITERAL_CONVERSION = YES;
				CLANG_WARN_OBJC_ROOT_CLASS = YES_ERROR;
				CLANG_WARN_RANGE_LOOP_ANALYSIS = YES;
				CLANG_WARN_STRICT_PROTOTYPES = YES;
				CLANG_WARN_SUSPICIOUS_MOVE = YES;
				CLANG_WARN_UNGUARDED_AVAILABILITY = YES_AGGRESSIVE;
				CLANG_WARN_UNREACHABLE_CODE = YES;
				CLANG_WARN__DUPLICATE_METHOD_MATCH = YES;
				CODE_SIGN_IDENTITY = "iPhone Developer";
				COPY_PHASE_STRIP = NO;
				DEBUG_INFORMATION_FORMAT = dwarf;
				ENABLE_STRICT_OBJC_MSGSEND = YES;
				ENABLE_TESTABILITY = YES;
				GCC_C_LANGUAGE_STANDARD = gnu11;
				GCC_DYNAMIC_NO_PIC = NO;
				GCC_NO_COMMON_BLOCKS = YES;
				GCC_OPTIMIZATION_LEVEL = 0;
				GCC_PREPROCESSOR_DEFINITIONS = (
					"DEBUG=1",
					"$(inherited)",
				);
				GCC_WARN_64_TO_32_BIT_CONVERSION = YES;
				GCC_WARN_ABOUT_RETURN_TYPE = YES_ERROR;
				GCC_WARN_UNDECLARED_SELECTOR = YES;
				GCC_WARN_UNINITIALIZED_AUTOS = YES_AGGRESSIVE;
				GCC_WARN_UNUSED_FUNCTION = YES;
				GCC_WARN_UNUSED_VARIABLE = YES;
				IPHONEOS_DEPLOYMENT_TARGET = 12.2;
				MTL_ENABLE_DEBUG_INFO = INCLUDE_SOURCE;
				MTL_FAST_MATH = YES;
				ONLY_ACTIVE_ARCH = YES;
				SDKROOT = iphoneos;
				SWIFT_ACTIVE_COMPILATION_CONDITIONS = DEBUG;
				SWIFT_OPTIMIZATION_LEVEL = "-Onone";
			};
			name = Debug;
		};
		8A5103AD22B8647600F453EB /* Release */ = {
			isa = XCBuildConfiguration;
			buildSettings = {
				ALWAYS_SEARCH_USER_PATHS = NO;
				CLANG_ANALYZER_NONNULL = YES;
				CLANG_ANALYZER_NUMBER_OBJECT_CONVERSION = YES_AGGRESSIVE;
				CLANG_CXX_LANGUAGE_STANDARD = "gnu++14";
				CLANG_CXX_LIBRARY = "libc++";
				CLANG_ENABLE_MODULES = YES;
				CLANG_ENABLE_OBJC_ARC = YES;
				CLANG_ENABLE_OBJC_WEAK = YES;
				CLANG_WARN_BLOCK_CAPTURE_AUTORELEASING = YES;
				CLANG_WARN_BOOL_CONVERSION = YES;
				CLANG_WARN_COMMA = YES;
				CLANG_WARN_CONSTANT_CONVERSION = YES;
				CLANG_WARN_DEPRECATED_OBJC_IMPLEMENTATIONS = YES;
				CLANG_WARN_DIRECT_OBJC_ISA_USAGE = YES_ERROR;
				CLANG_WARN_DOCUMENTATION_COMMENTS = YES;
				CLANG_WARN_EMPTY_BODY = YES;
				CLANG_WARN_ENUM_CONVERSION = YES;
				CLANG_WARN_INFINITE_RECURSION = YES;
				CLANG_WARN_INT_CONVERSION = YES;
				CLANG_WARN_NON_LITERAL_NULL_CONVERSION = YES;
				CLANG_WARN_OBJC_IMPLICIT_RETAIN_SELF = YES;
				CLANG_WARN_OBJC_LITERAL_CONVERSION = YES;
				CLANG_WARN_OBJC_ROOT_CLASS = YES_ERROR;
				CLANG_WARN_RANGE_LOOP_ANALYSIS = YES;
				CLANG_WARN_STRICT_PROTOTYPES = YES;
				CLANG_WARN_SUSPICIOUS_MOVE = YES;
				CLANG_WARN_UNGUARDED_AVAILABILITY = YES_AGGRESSIVE;
				CLANG_WARN_UNREACHABLE_CODE = YES;
				CLANG_WARN__DUPLICATE_METHOD_MATCH = YES;
				CODE_SIGN_IDENTITY = "iPhone Developer";
				COPY_PHASE_STRIP = NO;
				DEBUG_INFORMATION_FORMAT = "dwarf-with-dsym";
				ENABLE_NS_ASSERTIONS = NO;
				ENABLE_STRICT_OBJC_MSGSEND = YES;
				GCC_C_LANGUAGE_STANDARD = gnu11;
				GCC_NO_COMMON_BLOCKS = YES;
				GCC_WARN_64_TO_32_BIT_CONVERSION = YES;
				GCC_WARN_ABOUT_RETURN_TYPE = YES_ERROR;
				GCC_WARN_UNDECLARED_SELECTOR = YES;
				GCC_WARN_UNINITIALIZED_AUTOS = YES_AGGRESSIVE;
				GCC_WARN_UNUSED_FUNCTION = YES;
				GCC_WARN_UNUSED_VARIABLE = YES;
				IPHONEOS_DEPLOYMENT_TARGET = 12.2;
				MTL_ENABLE_DEBUG_INFO = NO;
				MTL_FAST_MATH = YES;
				SDKROOT = iphoneos;
				SWIFT_COMPILATION_MODE = wholemodule;
				SWIFT_OPTIMIZATION_LEVEL = "-O";
				VALIDATE_PRODUCT = YES;
			};
			name = Release;
		};
		8A5103AF22B8647600F453EB /* Debug */ = {
			isa = XCBuildConfiguration;
			baseConfigurationReference = E3A5FE9A7618B8AD0EAA8160 /* Pods-CanviaApp.debug.xcconfig */;
			buildSettings = {
				ASSETCATALOG_COMPILER_APPICON_NAME = AppIcon;
				CODE_SIGN_STYLE = Automatic;
				INFOPLIST_FILE = CanviaApp/Info.plist;
				IPHONEOS_DEPLOYMENT_TARGET = 10.3;
				LD_RUNPATH_SEARCH_PATHS = (
					"$(inherited)",
					"@executable_path/Frameworks",
				);
				PRODUCT_BUNDLE_IDENTIFIER = com.eduh.CanviaApp;
				PRODUCT_NAME = "$(TARGET_NAME)";
				SWIFT_VERSION = 5.0;
				TARGETED_DEVICE_FAMILY = "1,2";
			};
			name = Debug;
		};
		8A5103B022B8647600F453EB /* Release */ = {
			isa = XCBuildConfiguration;
			baseConfigurationReference = D9C29215E69D6E342F759D6B /* Pods-CanviaApp.release.xcconfig */;
			buildSettings = {
				ASSETCATALOG_COMPILER_APPICON_NAME = AppIcon;
				CODE_SIGN_STYLE = Automatic;
				INFOPLIST_FILE = CanviaApp/Info.plist;
				IPHONEOS_DEPLOYMENT_TARGET = 10.3;
				LD_RUNPATH_SEARCH_PATHS = (
					"$(inherited)",
					"@executable_path/Frameworks",
				);
				PRODUCT_BUNDLE_IDENTIFIER = com.eduh.CanviaApp;
				PRODUCT_NAME = "$(TARGET_NAME)";
				SWIFT_VERSION = 5.0;
				TARGETED_DEVICE_FAMILY = "1,2";
			};
			name = Release;
		};
/* End XCBuildConfiguration section */

/* Begin XCConfigurationList section */
		8A51039722B8647500F453EB /* Build configuration list for PBXProject "CanviaApp" */ = {
			isa = XCConfigurationList;
			buildConfigurations = (
				8A5103AC22B8647600F453EB /* Debug */,
				8A5103AD22B8647600F453EB /* Release */,
			);
			defaultConfigurationIsVisible = 0;
			defaultConfigurationName = Release;
		};
		8A5103AE22B8647600F453EB /* Build configuration list for PBXNativeTarget "CanviaApp" */ = {
			isa = XCConfigurationList;
			buildConfigurations = (
				8A5103AF22B8647600F453EB /* Debug */,
				8A5103B022B8647600F453EB /* Release */,
			);
			defaultConfigurationIsVisible = 0;
			defaultConfigurationName = Release;
		};
/* End XCConfigurationList section */
	};
	rootObject = 8A51039422B8647500F453EB /* Project object */;
}
